
Microsoft Visual Studio Solution File, Format Version 12.00
# Visual Studio Version 16
VisualStudioVersion = 16.0.30204.135
MinimumVisualStudioVersion = 10.0.40219.1
Project("{FAE04EC0-301F-11D3-BF4B-00C04F79EFBC}") = "Bericetovic-Step3", "Bericetovic-Step3\Bericetovic-Step3.csproj", "{82DAC854-5C12-492E-B7F7-965199C19998}"
EndProject
Global
	GlobalSection(SolutionConfigurationPlatforms) = preSolution
		Debug|Any CPU = Debug|Any CPU
		Release|Any CPU = Release|Any CPU
	EndGlobalSection
	GlobalSection(ProjectConfigurationPlatforms) = postSolution
		{82DAC854-5C12-492E-B7F7-965199C19998}.Debug|Any CPU.ActiveCfg = Debug|Any CPU
		{82DAC854-5C12-492E-B7F7-965199C19998}.Debug|Any CPU.Build.0 = Debug|Any CPU
		{82DAC854-5C12-492E-B7F7-965199C19998}.Release|Any CPU.ActiveCfg = Release|Any CPU
		{82DAC854-5C12-492E-B7F7-965199C19998}.Release|Any CPU.Build.0 = Release|Any CPU
	EndGlobalSection
	GlobalSection(SolutionProperties) = preSolution
		HideSolutionNode = FALSE
	EndGlobalSection
	GlobalSection(ExtensibilityGlobals) = postSolution
		SolutionGuid = {D9034D21-AE04-4BB9-A327-34C4460FD07B}
	EndGlobalSection
EndGlobal
